dependencies:
- name: postgresql
  repository: https://charts.bitnami.com/bitnami
  version: 12.12.10
- name: redis
  repository: https://charts.bitnami.com/bitnami
  version: 18.4.0
- name: elasticsearch
  repository: https://helm.elastic.co
  version: 8.5.1
digest: sha256:0d54c5d86772d4487ce18f2bee78c3e9a88d58267aa69cd6c7d4a2f1534c96f9
generated: "2025-07-12T12:57:39.103200497+02:00"
